// !$*UTF8*$!
{
	archiveVersion = 1;
	classes = {
	};
	objectVersion = 46;
	objects = {

/* Begin PBXBuildFile section */
		5B036BC719D1EA7C003FE71E /* AppDelegate.swift in Sources */ = {isa = PBXBuildFile; fileRef = 5B036BC619D1EA7C003FE71E /* AppDelegate.swift */; };
		5B036BC919D1EA7C003FE71E /* ViewController.swift in Sources */ = {isa = PBXBuildFile; fileRef = 5B036BC819D1EA7C003FE71E /* ViewController.swift */; };
		5B036BCC19D1EA7C003FE71E /* Main.storyboard in Resources */ = {isa = PBXBuildFile; fileRef = 5B036BCA19D1EA7C003FE71E /* Main.storyboard */; };
		5B036BCE19D1EA7C003FE71E /* Images.xcassets in Resources */ = {isa = PBXBuildFile; fileRef = 5B036BCD19D1EA7C003FE71E /* Images.xcassets */; };
		5B036BD119D1EA7C003FE71E /* LaunchScreen.xib in Resources */ = {isa = PBXBuildFile; fileRef = 5B036BCF19D1EA7C003FE71E /* LaunchScreen.xib */; };
		5B036BDD19D1EA7C003FE71E /* browserTests.swift in Sources */ = {isa = PBXBuildFile; fileRef = 5B036BDC19D1EA7C003FE71E /* browserTests.swift */; };
/* End PBXBuildFile section */

/* Begin PBXContainerItemProxy section */
		5B036BD719D1EA7C003FE71E /* PBXContainerItemProxy */ = {
			isa = PBXContainerItemProxy;
			containerPortal = 5B036BB919D1EA7B003FE71E /* Project object */;
			proxyType = 1;
			remoteGlobalIDString = 5B036BC019D1EA7B003FE71E;
			remoteInfo = browser;
		};
/* End PBXContainerItemProxy section */

/* Begin PBXFileReference section */
		5B036BC119D1EA7B003FE71E /* browser.app */ = {isa = PBXFileReference; explicitFileType = wrapper.application; includeInIndex = 0; path = browser.app; sourceTree = BUILT_PRODUCTS_DIR; };
		5B036BC519D1EA7C003FE71E /* Info.plist */ = {isa = PBXFileReference; lastKnownFileType = text.plist.xml; path = Info.plist; sourceTree = "<group>"; };
		5B036BC619D1EA7C003FE71E /* AppDelegate.swift */ = {isa = PBXFileReference; lastKnownFileType = sourcecode.swift; path = AppDelegate.swift; sourceTree = "<group>"; };
		5B036BC819D1EA7C003FE71E /* ViewController.swift */ = {isa = PBXFileReference; lastKnownFileType = sourcecode.swift; path = ViewController.swift; sourceTree = "<group>"; };
		5B036BCB19D1EA7C003FE71E /* Base */ = {isa = PBXFileReference; lastKnownFileType = file.storyboard; name = Base; path = Base.lproj/Main.storyboard; sourceTree = "<group>"; };
		5B036BCD19D1EA7C003FE71E /* Images.xcassets */ = {isa = PBXFileReference; lastKnownFileType = folder.assetcatalog; path = Images.xcassets; sourceTree = "<group>"; };
		5B036BD019D1EA7C003FE71E /* Base */ = {isa = PBXFileReference; lastKnownFileType = file.xib; name = Base; path = Base.lproj/LaunchScreen.xib; sourceTree = "<group>"; };
		5B036BD619D1EA7C003FE71E /* browserTests.xctest */ = {isa = PBXFileReference; explicitFileType = wrapper.cfbundle; includeInIndex = 0; path = browserTests.xctest; sourceTree = BUILT_PRODUCTS_DIR; };
		5B036BDB19D1EA7C003FE71E /* Info.plist */ = {isa = PBXFileReference; lastKnownFileType = text.plist.xml; path = Info.plist; sourceTree = "<group>"; };
		5B036BDC19D1EA7C003FE71E /* browserTests.swift */ = {isa = PBXFileReference; lastKnownFileType = sourcecode.swift; path = browserTests.swift; sourceTree = "<group>"; };
/* End PBXFileReference section */

/* Begin PBXFrameworksBuildPhase section */
		5B036BBE19D1EA7B003FE71E /* Frameworks */ = {
			isa = PBXFrameworksBuildPhase;
			buildActionMask = 2147483647;
			files = (
			);
			runOnlyForDeploymentPostprocessing = 0;
		};
		5B036BD319D1EA7C003FE71E /* Frameworks */ = {
			isa = PBXFrameworksBuildPhase;
			buildActionMask = 2147483647;
			files = (
			);
			runOnlyForDeploymentPostprocessing = 0;
		};
/* End PBXFrameworksBuildPhase section */

/* Begin PBXGroup section */
		5B036BB819D1EA7B003FE71E = {
			isa = PBXGroup;
			children = (
				5B036BC319D1EA7C003FE71E /* browser */,
				5B036BD919D1EA7C003FE71E /* browserTests */,
				5B036BC219D1EA7C003FE71E /* Products */,
			);
			sourceTree = "<group>";
		};
		5B036BC219D1EA7C003FE71E /* Products */ = {
			isa = PBXGroup;
			children = (
				5B036BC119D1EA7B003FE71E /* browser.app */,
				5B036BD619D1EA7C003FE71E /* browserTests.xctest */,
			);
			name = Products;
			sourceTree = "<group>";
		};
		5B036BC319D1EA7C003FE71E /* browser */ = {
			isa = PBXGroup;
			children = (
				5B036BC619D1EA7C003FE71E /* AppDelegate.swift */,
				5B036BC819D1EA7C003FE71E /* ViewController.swift */,
				5B036BCA19D1EA7C003FE71E /* Main.storyboard */,
				5B036BCD19D1EA7C003FE71E /* Images.xcassets */,
				5B036BCF19D1EA7C003FE71E /* LaunchScreen.xib */,
				5B036BC419D1EA7C003FE71E /* Supporting Files */,
			);
			path = browser;
			sourceTree = "<group>";
		};
		5B036BC419D1EA7C003FE71E /* Supporting Files */ = {
			isa = PBXGroup;
			children = (
				5B036BC519D1EA7C003FE71E /* Info.plist */,
			);
			name = "Supporting Files";
			sourceTree = "<group>";
		};
		5B036BD919D1EA7C003FE71E /* browserTests */ = {
			isa = PBXGroup;
			children = (
				5B036BDC19D1EA7C003FE71E /* browserTests.swift */,
				5B036BDA19D1EA7C003FE71E /* Supporting Files */,
			);
			path = browserTests;
			sourceTree = "<group>";
		};
		5B036BDA19D1EA7C003FE71E /* Supporting Files */ = {
			isa = PBXGroup;
			children = (
				5B036BDB19D1EA7C003FE71E /* Info.plist */,
			);
			name = "Supporting Files";
			sourceTree = "<group>";
		};
/* End PBXGroup section */

/* Begin PBXNativeTarget section */
		5B036BC019D1EA7B003FE71E /* browser */ = {
			isa = PBXNativeTarget;
			buildConfigurationList = 5B036BE019D1EA7C003FE71E /* Build configuration list for PBXNativeTarget "browser" */;
			buildPhases = (
				5B036BBD19D1EA7B003FE71E /* Sources */,
				5B036BBE19D1EA7B003FE71E /* Frameworks */,
				5B036BBF19D1EA7B003FE71E /* Resources */,
			);
			buildRules = (
			);
			dependencies = (
			);
			name = browser;
			productName = browser;
			productReference = 5B036BC119D1EA7B003FE71E /* browser.app */;
			productType = "com.apple.product-type.application";
		};
		5B036BD519D1EA7C003FE71E /* browserTests */ = {
			isa = PBXNativeTarget;
			buildConfigurationList = 5B036BE319D1EA7C003FE71E /* Build configuration list for PBXNativeTarget "browserTests" */;
			buildPhases = (
				5B036BD219D1EA7C003FE71E /* Sources */,
				5B036BD319D1EA7C003FE71E /* Frameworks */,
				5B036BD419D1EA7C003FE71E /* Resources */,
			);
			buildRules = (
			);
			dependencies = (
				5B036BD819D1EA7C003FE71E /* PBXTargetDependency */,
			);
			name = browserTests;
			productName = browserTests;
			productReference = 5B036BD619D1EA7C003FE71E /* browserTests.xctest */;
			productType = "com.apple.product-type.bundle.unit-test";
		};
/* End PBXNativeTarget section */

/* Begin PBXProject section */
		5B036BB919D1EA7B003FE71E /* Project object */ = {
			isa = PBXProject;
			attributes = {
				LastUpgradeCheck = 0600;
				ORGANIZATIONNAME = "Carlos Saura Martinez";
				TargetAttributes = {
					5B036BC019D1EA7B003FE71E = {
						CreatedOnToolsVersion = 6.0.1;
					};
					5B036BD519D1EA7C003FE71E = {
						CreatedOnToolsVersion = 6.0.1;
						TestTargetID = 5B036BC019D1EA7B003FE71E;
					};
				};
			};
			buildConfigurationList = 5B036BBC19D1EA7B003FE71E /* Build configuration list for PBXProject "browser" */;
			compatibilityVersion = "Xcode 3.2";
			developmentRegion = English;
			hasScannedForEncodings = 0;
			knownRegions = (
				en,
				Base,
			);
			mainGroup = 5B036BB819D1EA7B003FE71E;
			productRefGroup = 5B036BC219D1EA7C003FE71E /* Products */;
			projectDirPath = "";
			projectRoot = "";
			targets = (
				5B036BC019D1EA7B003FE71E /* browser */,
				5B036BD519D1EA7C003FE71E /* browserTests */,
			);
		};
/* End PBXProject section */

/* Begin PBXResourcesBuildPhase section */
		5B036BBF19D1EA7B003FE71E /* Resources */ = {
			isa = PBXResourcesBuildPhase;
			buildActionMask = 2147483647;
			files = (
				5B036BCC19D1EA7C003FE71E /* Main.storyboard in Resources */,
				5B036BD119D1EA7C003FE71E /* LaunchScreen.xib in Resources */,
				5B036BCE19D1EA7C003FE71E /* Images.xcassets in Resources */,
			);
			runOnlyForDeploymentPostprocessing = 0;
		};
		5B036BD419D1EA7C003FE71E /* Resources */ = {
			isa = PBXResourcesBuildPhase;
			buildActionMask = 2147483647;
			files = (
			);
			runOnlyForDeploymentPostprocessing = 0;
		};
/* End PBXResourcesBuildPhase section */

/* Begin PBXSourcesBuildPhase section */
		5B036BBD19D1EA7B003FE71E /* Sources */ = {
			isa = PBXSourcesBuildPhase;
			buildActionMask = 2147483647;
			files = (
				5B036BC919D1EA7C003FE71E /* ViewController.swift in Sources */,
				5B036BC719D1EA7C003FE71E /* AppDelegate.swift in Sources */,
			);
			runOnlyForDeploymentPostprocessing = 0;
		};
		5B036BD219D1EA7C003FE71E /* Sources */ = {
			isa = PBXSourcesBuildPhase;
			buildActionMask = 2147483647;
			files = (
				5B036BDD19D1EA7C003FE71E /* browserTests.swift in Sources */,
			);
			runOnlyForDeploymentPostprocessing = 0;
		};
/* End PBXSourcesBuildPhase section */

/* Begin PBXTargetDependency section */
		5B036BD819D1EA7C003FE71E /* PBXTargetDependency */ = {
			isa = PBXTargetDependency;
			target = 5B036BC019D1EA7B003FE71E /* browser */;
			targetProxy = 5B036BD719D1EA7C003FE71E /* PBXContainerItemProxy */;
		};
/* End PBXTargetDependency section */

/* Begin PBXVariantGroup section */
		5B036BCA19D1EA7C003FE71E /* Main.storyboard */ = {
			isa = PBXVariantGroup;
			children = (
				5B036BCB19D1EA7C003FE71E /* Base */,
			);
			name = Main.storyboard;
			sourceTree = "<group>";
		};
		5B036BCF19D1EA7C003FE71E /* LaunchScreen.xib */ = {
			isa = PBXVariantGroup;
			children = (
				5B036BD019D1EA7C003FE71E /* Base */,
			);
			name = LaunchScreen.xib;
			sourceTree = "<group>";
		};
/* End PBXVariantGroup section */

/* Begin XCBuildConfiguration section */
		5B036BDE19D1EA7C003FE71E /* Debug */ = {
			isa = XCBuildConfiguration;
			buildSettings = {
				ALWAYS_SEARCH_USER_PATHS = NO;
				CLANG_CXX_LANGUAGE_STANDARD = "gnu++0x";
				CLANG_CXX_LIBRARY = "libc++";
				CLANG_ENABLE_MODULES = YES;
				CLANG_ENABLE_OBJC_ARC = YES;
				CLANG_WARN_BOOL_CONVERSION = YES;
				CLANG_WARN_CONSTANT_CONVERSION = YES;
				CLANG_WARN_DIRECT_OBJC_ISA_USAGE = YES_ERROR;
				CLANG_WARN_EMPTY_BODY = YES;
				CLANG_WARN_ENUM_CONVERSION = YES;
				CLANG_WARN_INT_CONVERSION = YES;
				CLANG_WARN_OBJC_ROOT_CLASS = YES_ERROR;
				CLANG_WARN_UNREACHABLE_CODE = YES;
				CLANG_WARN__DUPLICATE_METHOD_MATCH = YES;
				"CODE_SIGN_IDENTITY[sdk=iphoneos*]" = "iPhone Developer";
				COPY_PHASE_STRIP = NO;
				ENABLE_STRICT_OBJC_MSGSEND = YES;
				GCC_C_LANGUAGE_STANDARD = gnu99;
				GCC_DYNAMIC_NO_PIC = NO;
				GCC_OPTIMIZATION_LEVEL = 0;
				GCC_PREPROCESSOR_DEFINITIONS = (
					"DEBUG=1",
					"$(inherited)",
				);
				GCC_SYMBOLS_PRIVATE_EXTERN = NO;
				GCC_WARN_64_TO_32_BIT_CONVERSION = YES;
				GCC_WARN_ABOUT_RETURN_TYPE = YES_ERROR;
				GCC_WARN_UNDECLARED_SELECTOR = YES;
				GCC_WARN_UNINITIALIZED_AUTOS = YES_AGGRESSIVE;
				GCC_WARN_UNUSED_FUNCTION = YES;
				GCC_WARN_UNUSED_VARIABLE = YES;
				IPHONEOS_DEPLOYMENT_TARGET = 8.0;
				MTL_ENABLE_DEBUG_INFO = YES;
				ONLY_ACTIVE_ARCH = YES;
				SDKROOT = iphoneos;
				SWIFT_OPTIMIZATION_LEVEL = "-Onone";
				TARGETED_DEVICE_FAMILY = "1,2";
			};
			name = Debug;
		};
		5B036BDF19D1EA7C003FE71E /* Release */ = {
			isa = XCBuildConfiguration;
			buildSettings = {
				ALWAYS_SEARCH_USER_PATHS = NO;
				CLANG_CXX_LANGUAGE_STANDARD = "gnu++0x";
				CLANG_CXX_LIBRARY = "libc++";
				CLANG_ENABLE_MODULES = YES;
				CLANG_ENABLE_OBJC_ARC = YES;
				CLANG_WARN_BOOL_CONVERSION = YES;
				CLANG_WARN_CONSTANT_CONVERSION = YES;
				CLANG_WARN_DIRECT_OBJC_ISA_USAGE = YES_ERROR;
				CLANG_WARN_EMPTY_BODY = YES;
				CLANG_WARN_ENUM_CONVERSION = YES;
				CLANG_WARN_INT_CONVERSION = YES;
				CLANG_WARN_OBJC_ROOT_CLASS = YES_ERROR;
				CLANG_WARN_UNREACHABLE_CODE = YES;
				CLANG_WARN__DUPLICATE_METHOD_MATCH = YES;
				"CODE_SIGN_IDENTITY[sdk=iphoneos*]" = "iPhone Developer";
				COPY_PHASE_STRIP = YES;
				ENABLE_NS_ASSERTIONS = NO;
				ENABLE_STRICT_OBJC_MSGSEND = YES;
				GCC_C_LANGUAGE_STANDARD = gnu99;
				GCC_WARN_64_TO_32_BIT_CONVERSION = YES;
				GCC_WARN_ABOUT_RETURN_TYPE = YES_ERROR;
				GCC_WARN_UNDECLARED_SELECTOR = YES;
				GCC_WARN_UNINITIALIZED_AUTOS = YES_AGGRESSIVE;
				GCC_WARN_UNUSED_FUNCTION = YES;
				GCC_WARN_UNUSED_VARIABLE = YES;
				IPHONEOS_DEPLOYMENT_TARGET = 8.0;
				MTL_ENABLE_DEBUG_INFO = NO;
				SDKROOT = iphoneos;
				TARGETED_DEVICE_FAMILY = "1,2";
				VALIDATE_PRODUCT = YES;
			};
			name = Release;
		};
		5B036BE119D1EA7C003FE71E /* Debug */ = {
			isa = XCBuildConfiguration;
			buildSettings = {
				ASSETCATALOG_COMPILER_APPICON_NAME = AppIcon;
				INFOPLIST_FILE = browser/Info.plist;
				LD_RUNPATH_SEARCH_PATHS = "$(inherited) @executable_path/Frameworks";
				PRODUCT_NAME = "$(TARGET_NAME)";
			};
			name = Debug;
		};
		5B036BE219D1EA7C003FE71E /* Release */ = {
			isa = XCBuildConfiguration;
			buildSettings = {
				ASSETCATALOG_COMPILER_APPICON_NAME = AppIcon;
				INFOPLIST_FILE = browser/Info.plist;
				LD_RUNPATH_SEARCH_PATHS = "$(inherited) @executable_path/Frameworks";
				PRODUCT_NAME = "$(TARGET_NAME)";
			};
			name = Release;
		};
		5B036BE419D1EA7C003FE71E /* Debug */ = {
			isa = XCBuildConfiguration;
			buildSettings = {
				BUNDLE_LOADER = "$(TEST_HOST)";
				FRAMEWORK_SEARCH_PATHS = (
					"$(SDKROOT)/Developer/Library/Frameworks",
					"$(inherited)",
				);
				GCC_PREPROCESSOR_DEFINITIONS = (
					"DEBUG=1",
					"$(inherited)",
				);
				INFOPLIST_FILE = browserTests/Info.plist;
				LD_RUNPATH_SEARCH_PATHS = "$(inherited) @executable_path/Frameworks @loader_path/Frameworks";
				PRODUCT_NAME = "$(TARGET_NAME)";
				TEST_HOST = "$(BUILT_PRODUCTS_DIR)/browser.app/browser";
			};
			name = Debug;
		};
		5B036BE519D1EA7C003FE71E /* Release */ = {
			isa = XCBuildConfiguration;
			buildSettings = {
				BUNDLE_LOADER = "$(TEST_HOST)";
				FRAMEWORK_SEARCH_PATHS = (
					"$(SDKROOT)/Developer/Library/Frameworks",
					"$(inherited)",
				);
				INFOPLIST_FILE = browserTests/Info.plist;
				LD_RUNPATH_SEARCH_PATHS = "$(inherited) @executable_path/Frameworks @loader_path/Frameworks";
				PRODUCT_NAME = "$(TARGET_NAME)";
				TEST_HOST = "$(BUILT_PRODUCTS_DIR)/browser.app/browser";
			};
			name = Release;
		};
/* End XCBuildConfiguration section */

/* Begin XCConfigurationList section */
		5B036BBC19D1EA7B003FE71E /* Build configuration list for PBXProject "browser" */ = {
			isa = XCConfigurationList;
			buildConfigurations = (
				5B036BDE19D1EA7C003FE71E /* Debug */,
				5B036BDF19D1EA7C003FE71E /* Release */,
			);
			defaultConfigurationIsVisible = 0;
			defaultConfigurationName = Release;
		};
		5B036BE019D1EA7C003FE71E /* Build configuration list for PBXNativeTarget "browser" */ = {
			isa = XCConfigurationList;
			buildConfigurations = (
				5B036BE119D1EA7C003FE71E /* Debug */,
				5B036BE219D1EA7C003FE71E /* Release */,
			);
			defaultConfigurationIsVisible = 0;
		};
		5B036BE319D1EA7C003FE71E /* Build configuration list for PBXNativeTarget "browserTests" */ = {
			isa = XCConfigurationList;
			buildConfigurations = (
				5B036BE419D1EA7C003FE71E /* Debug */,
				5B036BE519D1EA7C003FE71E /* Release */,
			);
			defaultConfigurationIsVisible = 0;
		};
/* End XCConfigurationList section */
	};
	rootObject = 5B036BB919D1EA7B003FE71E /* Project object */;
}
